
Microsoft Visual Studio Solution File, Format Version 12.00
# Visual Studio Version 16
VisualStudioVersion = 16.0.28803.452
MinimumVisualStudioVersion = 10.0.40219.1
Project("{9A19103F-16F7-4668-BE54-9A1E7A4F7556}") = "LinqToLdap", "LinqToLdap\LinqToLdap.csproj", "{9711F230-9087-4E55-A6EF-529F1D609739}"
EndProject
Project("{9A19103F-16F7-4668-BE54-9A1E7A4F7556}") = "LinqToLdap.Tests", "LinqToLdap.Tests\LinqToLdap.Tests.csproj", "{518E9659-58BC-496B-B8E6-CE3A72853926}"
EndProject
Project("{FAE04EC0-301F-11D3-BF4B-00C04F79EFBC}") = "LinqToLdap.NET45.Tests", "LinqToLdap.NET45.Tests\LinqToLdap.NET45.Tests.csproj", "{1EFFCED2-7F5C-4059-93A7-533887D0E2D9}"
EndProject
Project("{FAE04EC0-301F-11D3-BF4B-00C04F79EFBC}") = "LinqToLdap.NET35.Tests", "LinqToLdap.NET35.Tests\LinqToLdap.NET35.Tests.csproj", "{39224A0D-3EAC-4DE4-A598-7A0173648683}"
EndProject
Project("{FAE04EC0-301F-11D3-BF4B-00C04F79EFBC}") = "LinqToLdap.NET40.Tests", "LinqToLdap.NET40.Tests\LinqToLdap.NET40.Tests.csproj", "{CF5D7EBE-DB3B-4C67-B302-D656DFE32BA2}"
EndProject
Project("{9A19103F-16F7-4668-BE54-9A1E7A4F7556}") = "LinqToLdap.Tests.ClassMapAssembly", "LinqToLdap.Tests.ClassMapAssembly\LinqToLdap.Tests.ClassMapAssembly.csproj", "{C7372F5A-9EE5-4501-8C34-92A588A02565}"
EndProject
Project("{9A19103F-16F7-4668-BE54-9A1E7A4F7556}") = "LinqToLdap.Tests.PopulateDirectory", "LinqToLdap.Tests.PopulateDirectory\LinqToLdap.Tests.PopulateDirectory.csproj", "{18A78D59-FDD1-48B2-8F32-A794B30A10F6}"
EndProject
Global
	GlobalSection(SolutionConfigurationPlatforms) = preSolution
		Debug|Any CPU = Debug|Any CPU
		Release|Any CPU = Release|Any CPU
	EndGlobalSection
	GlobalSection(ProjectConfigurationPlatforms) = postSolution
		{9711F230-9087-4E55-A6EF-529F1D609739}.Debug|Any CPU.ActiveCfg = Debug|Any CPU
		{9711F230-9087-4E55-A6EF-529F1D609739}.Debug|Any CPU.Build.0 = Debug|Any CPU
		{9711F230-9087-4E55-A6EF-529F1D609739}.Release|Any CPU.ActiveCfg = Release|Any CPU
		{9711F230-9087-4E55-A6EF-529F1D609739}.Release|Any CPU.Build.0 = Release|Any CPU
		{518E9659-58BC-496B-B8E6-CE3A72853926}.Debug|Any CPU.ActiveCfg = Debug|Any CPU
		{518E9659-58BC-496B-B8E6-CE3A72853926}.Debug|Any CPU.Build.0 = Debug|Any CPU
		{518E9659-58BC-496B-B8E6-CE3A72853926}.Release|Any CPU.ActiveCfg = Release|Any CPU
		{518E9659-58BC-496B-B8E6-CE3A72853926}.Release|Any CPU.Build.0 = Release|Any CPU
		{1EFFCED2-7F5C-4059-93A7-533887D0E2D9}.Debug|Any CPU.ActiveCfg = Debug|Any CPU
		{1EFFCED2-7F5C-4059-93A7-533887D0E2D9}.Debug|Any CPU.Build.0 = Debug|Any CPU
		{1EFFCED2-7F5C-4059-93A7-533887D0E2D9}.Release|Any CPU.ActiveCfg = Release|Any CPU
		{1EFFCED2-7F5C-4059-93A7-533887D0E2D9}.Release|Any CPU.Build.0 = Release|Any CPU
		{39224A0D-3EAC-4DE4-A598-7A0173648683}.Debug|Any CPU.ActiveCfg = Debug|Any CPU
		{39224A0D-3EAC-4DE4-A598-7A0173648683}.Debug|Any CPU.Build.0 = Debug|Any CPU
		{39224A0D-3EAC-4DE4-A598-7A0173648683}.Release|Any CPU.ActiveCfg = Release|Any CPU
		{39224A0D-3EAC-4DE4-A598-7A0173648683}.Release|Any CPU.Build.0 = Release|Any CPU
		{CF5D7EBE-DB3B-4C67-B302-D656DFE32BA2}.Debug|Any CPU.ActiveCfg = Debug|Any CPU
		{CF5D7EBE-DB3B-4C67-B302-D656DFE32BA2}.Debug|Any CPU.Build.0 = Debug|Any CPU
		{CF5D7EBE-DB3B-4C67-B302-D656DFE32BA2}.Release|Any CPU.ActiveCfg = Release|Any CPU
		{CF5D7EBE-DB3B-4C67-B302-D656DFE32BA2}.Release|Any CPU.Build.0 = Release|Any CPU
		{C7372F5A-9EE5-4501-8C34-92A588A02565}.Debug|Any CPU.ActiveCfg = Debug|Any CPU
		{C7372F5A-9EE5-4501-8C34-92A588A02565}.Debug|Any CPU.Build.0 = Debug|Any CPU
		{C7372F5A-9EE5-4501-8C34-92A588A02565}.Release|Any CPU.ActiveCfg = Release|Any CPU
		{C7372F5A-9EE5-4501-8C34-92A588A02565}.Release|Any CPU.Build.0 = Release|Any CPU
		{18A78D59-FDD1-48B2-8F32-A794B30A10F6}.Debug|Any CPU.ActiveCfg = Debug|Any CPU
		{18A78D59-FDD1-48B2-8F32-A794B30A10F6}.Debug|Any CPU.Build.0 = Debug|Any CPU
		{18A78D59-FDD1-48B2-8F32-A794B30A10F6}.Release|Any CPU.ActiveCfg = Release|Any CPU
		{18A78D59-FDD1-48B2-8F32-A794B30A10F6}.Release|Any CPU.Build.0 = Release|Any CPU
	EndGlobalSection
	GlobalSection(SolutionProperties) = preSolution
		HideSolutionNode = FALSE
	EndGlobalSection
	GlobalSection(ExtensibilityGlobals) = postSolution
		SolutionGuid = {2449A592-C4A5-4A38-B27E-204C1D3DE131}
	EndGlobalSection
EndGlobal
