
Microsoft Visual Studio Solution File, Format Version 12.00
# Visual Studio 15
VisualStudioVersion = 15.0.27004.2008
MinimumVisualStudioVersion = 10.0.40219.1
Project("{FAE04EC0-301F-11D3-BF4B-00C04F79EFBC}") = "LinqToLdap", "LinqToLdap\LinqToLdap.csproj", "{756E3C02-5C35-4956-8D31-558BB4F8C4D1}"
EndProject
Project("{FAE04EC0-301F-11D3-BF4B-00C04F79EFBC}") = "LinqToLdap.Tests", "LinqToLdap.Tests\LinqToLdap.Tests.csproj", "{00633815-BF41-4D5D-80F0-8DFBFD38ABC8}"
EndProject
Project("{FAE04EC0-301F-11D3-BF4B-00C04F79EFBC}") = "LinqToLdap.Tests.ClassMapAssembly", "LinqToLdap.Tests.ClassMapAssembly\LinqToLdap.Tests.ClassMapAssembly.csproj", "{EB11C01C-E1A5-4929-940B-00CEC8B86BF5}"
EndProject
Project("{FAE04EC0-301F-11D3-BF4B-00C04F79EFBC}") = "LinqToLdap.Tests.PopulateDirectory", "LinqToLdap.Tests.PopulateDirectory\LinqToLdap.Tests.PopulateDirectory.csproj", "{1462126B-4EBB-43F7-BC1F-30452DF7D68C}"
EndProject
Project("{FAE04EC0-301F-11D3-BF4B-00C04F79EFBC}") = "LinqToLdap.Contrib", "LinqToLdap.Contrib\LinqToLdap.Contrib.csproj", "{C3C954F8-D185-48F7-BBF8-F53D6BD85492}"
EndProject
Global
	GlobalSection(SolutionConfigurationPlatforms) = preSolution
		Debug|Any CPU = Debug|Any CPU
		Debug|Mixed Platforms = Debug|Mixed Platforms
		Debug|x86 = Debug|x86
		NET35|Any CPU = NET35|Any CPU
		NET35|Mixed Platforms = NET35|Mixed Platforms
		NET35|x86 = NET35|x86
		NET40|Any CPU = NET40|Any CPU
		NET40|Mixed Platforms = NET40|Mixed Platforms
		NET40|x86 = NET40|x86
		NET45|Any CPU = NET45|Any CPU
		NET45|Mixed Platforms = NET45|Mixed Platforms
		NET45|x86 = NET45|x86
		NET46|Any CPU = NET46|Any CPU
		NET46|Mixed Platforms = NET46|Mixed Platforms
		NET46|x86 = NET46|x86
		Release|Any CPU = Release|Any CPU
		Release|Mixed Platforms = Release|Mixed Platforms
		Release|x86 = Release|x86
	EndGlobalSection
	GlobalSection(ProjectConfigurationPlatforms) = postSolution
		{756E3C02-5C35-4956-8D31-558BB4F8C4D1}.Debug|Any CPU.ActiveCfg = Debug|Any CPU
		{756E3C02-5C35-4956-8D31-558BB4F8C4D1}.Debug|Any CPU.Build.0 = Debug|Any CPU
		{756E3C02-5C35-4956-8D31-558BB4F8C4D1}.Debug|Mixed Platforms.ActiveCfg = Debug|Any CPU
		{756E3C02-5C35-4956-8D31-558BB4F8C4D1}.Debug|Mixed Platforms.Build.0 = Debug|Any CPU
		{756E3C02-5C35-4956-8D31-558BB4F8C4D1}.Debug|x86.ActiveCfg = Debug|Any CPU
		{756E3C02-5C35-4956-8D31-558BB4F8C4D1}.NET35|Any CPU.ActiveCfg = NET35|Any CPU
		{756E3C02-5C35-4956-8D31-558BB4F8C4D1}.NET35|Any CPU.Build.0 = NET35|Any CPU
		{756E3C02-5C35-4956-8D31-558BB4F8C4D1}.NET35|Mixed Platforms.ActiveCfg = NET35|Any CPU
		{756E3C02-5C35-4956-8D31-558BB4F8C4D1}.NET35|Mixed Platforms.Build.0 = NET35|Any CPU
		{756E3C02-5C35-4956-8D31-558BB4F8C4D1}.NET35|x86.ActiveCfg = NET35|Any CPU
		{756E3C02-5C35-4956-8D31-558BB4F8C4D1}.NET40|Any CPU.ActiveCfg = NET40|Any CPU
		{756E3C02-5C35-4956-8D31-558BB4F8C4D1}.NET40|Any CPU.Build.0 = NET40|Any CPU
		{756E3C02-5C35-4956-8D31-558BB4F8C4D1}.NET40|Mixed Platforms.ActiveCfg = NET40|Any CPU
		{756E3C02-5C35-4956-8D31-558BB4F8C4D1}.NET40|Mixed Platforms.Build.0 = NET40|Any CPU
		{756E3C02-5C35-4956-8D31-558BB4F8C4D1}.NET40|x86.ActiveCfg = NET40|Any CPU
		{756E3C02-5C35-4956-8D31-558BB4F8C4D1}.NET45|Any CPU.ActiveCfg = NET45|Any CPU
		{756E3C02-5C35-4956-8D31-558BB4F8C4D1}.NET45|Any CPU.Build.0 = NET45|Any CPU
		{756E3C02-5C35-4956-8D31-558BB4F8C4D1}.NET45|Mixed Platforms.ActiveCfg = NET45|Any CPU
		{756E3C02-5C35-4956-8D31-558BB4F8C4D1}.NET45|Mixed Platforms.Build.0 = NET45|Any CPU
		{756E3C02-5C35-4956-8D31-558BB4F8C4D1}.NET45|x86.ActiveCfg = NET45|Any CPU
		{756E3C02-5C35-4956-8D31-558BB4F8C4D1}.NET46|Any CPU.ActiveCfg = NET46|Any CPU
		{756E3C02-5C35-4956-8D31-558BB4F8C4D1}.NET46|Any CPU.Build.0 = NET46|Any CPU
		{756E3C02-5C35-4956-8D31-558BB4F8C4D1}.NET46|Mixed Platforms.ActiveCfg = NET46|Any CPU
		{756E3C02-5C35-4956-8D31-558BB4F8C4D1}.NET46|Mixed Platforms.Build.0 = NET46|Any CPU
		{756E3C02-5C35-4956-8D31-558BB4F8C4D1}.NET46|x86.ActiveCfg = NET46|Any CPU
		{756E3C02-5C35-4956-8D31-558BB4F8C4D1}.NET46|x86.Build.0 = NET46|Any CPU
		{756E3C02-5C35-4956-8D31-558BB4F8C4D1}.Release|Any CPU.ActiveCfg = NET45|Any CPU
		{756E3C02-5C35-4956-8D31-558BB4F8C4D1}.Release|Any CPU.Build.0 = NET45|Any CPU
		{756E3C02-5C35-4956-8D31-558BB4F8C4D1}.Release|Mixed Platforms.ActiveCfg = NET45|Any CPU
		{756E3C02-5C35-4956-8D31-558BB4F8C4D1}.Release|Mixed Platforms.Build.0 = NET45|Any CPU
		{756E3C02-5C35-4956-8D31-558BB4F8C4D1}.Release|x86.ActiveCfg = NET45|Any CPU
		{00633815-BF41-4D5D-80F0-8DFBFD38ABC8}.Debug|Any CPU.ActiveCfg = Debug|Any CPU
		{00633815-BF41-4D5D-80F0-8DFBFD38ABC8}.Debug|Any CPU.Build.0 = Debug|Any CPU
		{00633815-BF41-4D5D-80F0-8DFBFD38ABC8}.Debug|Mixed Platforms.ActiveCfg = Debug|Any CPU
		{00633815-BF41-4D5D-80F0-8DFBFD38ABC8}.Debug|Mixed Platforms.Build.0 = Debug|Any CPU
		{00633815-BF41-4D5D-80F0-8DFBFD38ABC8}.Debug|x86.ActiveCfg = Debug|Any CPU
		{00633815-BF41-4D5D-80F0-8DFBFD38ABC8}.NET35|Any CPU.ActiveCfg = NET35|Any CPU
		{00633815-BF41-4D5D-80F0-8DFBFD38ABC8}.NET35|Any CPU.Build.0 = NET35|Any CPU
		{00633815-BF41-4D5D-80F0-8DFBFD38ABC8}.NET35|Mixed Platforms.ActiveCfg = NET35|Any CPU
		{00633815-BF41-4D5D-80F0-8DFBFD38ABC8}.NET35|Mixed Platforms.Build.0 = NET35|Any CPU
		{00633815-BF41-4D5D-80F0-8DFBFD38ABC8}.NET35|x86.ActiveCfg = NET35|Any CPU
		{00633815-BF41-4D5D-80F0-8DFBFD38ABC8}.NET40|Any CPU.ActiveCfg = NET40|Any CPU
		{00633815-BF41-4D5D-80F0-8DFBFD38ABC8}.NET40|Any CPU.Build.0 = NET40|Any CPU
		{00633815-BF41-4D5D-80F0-8DFBFD38ABC8}.NET40|Mixed Platforms.ActiveCfg = NET40|Any CPU
		{00633815-BF41-4D5D-80F0-8DFBFD38ABC8}.NET40|Mixed Platforms.Build.0 = NET40|Any CPU
		{00633815-BF41-4D5D-80F0-8DFBFD38ABC8}.NET40|x86.ActiveCfg = NET40|Any CPU
		{00633815-BF41-4D5D-80F0-8DFBFD38ABC8}.NET45|Any CPU.ActiveCfg = NET45|Any CPU
		{00633815-BF41-4D5D-80F0-8DFBFD38ABC8}.NET45|Any CPU.Build.0 = NET45|Any CPU
		{00633815-BF41-4D5D-80F0-8DFBFD38ABC8}.NET45|Mixed Platforms.ActiveCfg = NET45|Any CPU
		{00633815-BF41-4D5D-80F0-8DFBFD38ABC8}.NET45|Mixed Platforms.Build.0 = NET45|Any CPU
		{00633815-BF41-4D5D-80F0-8DFBFD38ABC8}.NET45|x86.ActiveCfg = NET45|Any CPU
		{00633815-BF41-4D5D-80F0-8DFBFD38ABC8}.NET46|Any CPU.ActiveCfg = NET46|Any CPU
		{00633815-BF41-4D5D-80F0-8DFBFD38ABC8}.NET46|Any CPU.Build.0 = NET46|Any CPU
		{00633815-BF41-4D5D-80F0-8DFBFD38ABC8}.NET46|Mixed Platforms.ActiveCfg = NET46|Any CPU
		{00633815-BF41-4D5D-80F0-8DFBFD38ABC8}.NET46|Mixed Platforms.Build.0 = NET46|Any CPU
		{00633815-BF41-4D5D-80F0-8DFBFD38ABC8}.NET46|x86.ActiveCfg = NET46|Any CPU
		{00633815-BF41-4D5D-80F0-8DFBFD38ABC8}.NET46|x86.Build.0 = NET46|Any CPU
		{00633815-BF41-4D5D-80F0-8DFBFD38ABC8}.Release|Any CPU.ActiveCfg = Release|Any CPU
		{00633815-BF41-4D5D-80F0-8DFBFD38ABC8}.Release|Any CPU.Build.0 = Release|Any CPU
		{00633815-BF41-4D5D-80F0-8DFBFD38ABC8}.Release|Mixed Platforms.ActiveCfg = Release|Any CPU
		{00633815-BF41-4D5D-80F0-8DFBFD38ABC8}.Release|Mixed Platforms.Build.0 = Release|Any CPU
		{00633815-BF41-4D5D-80F0-8DFBFD38ABC8}.Release|x86.ActiveCfg = Release|Any CPU
		{EB11C01C-E1A5-4929-940B-00CEC8B86BF5}.Debug|Any CPU.ActiveCfg = Debug|Any CPU
		{EB11C01C-E1A5-4929-940B-00CEC8B86BF5}.Debug|Any CPU.Build.0 = Debug|Any CPU
		{EB11C01C-E1A5-4929-940B-00CEC8B86BF5}.Debug|Mixed Platforms.ActiveCfg = Debug|Any CPU
		{EB11C01C-E1A5-4929-940B-00CEC8B86BF5}.Debug|Mixed Platforms.Build.0 = Debug|Any CPU
		{EB11C01C-E1A5-4929-940B-00CEC8B86BF5}.Debug|x86.ActiveCfg = Debug|Any CPU
		{EB11C01C-E1A5-4929-940B-00CEC8B86BF5}.NET35|Any CPU.ActiveCfg = NET35|Any CPU
		{EB11C01C-E1A5-4929-940B-00CEC8B86BF5}.NET35|Any CPU.Build.0 = NET35|Any CPU
		{EB11C01C-E1A5-4929-940B-00CEC8B86BF5}.NET35|Mixed Platforms.ActiveCfg = NET35|Any CPU
		{EB11C01C-E1A5-4929-940B-00CEC8B86BF5}.NET35|Mixed Platforms.Build.0 = NET35|Any CPU
		{EB11C01C-E1A5-4929-940B-00CEC8B86BF5}.NET35|x86.ActiveCfg = NET35|Any CPU
		{EB11C01C-E1A5-4929-940B-00CEC8B86BF5}.NET40|Any CPU.ActiveCfg = NET40|Any CPU
		{EB11C01C-E1A5-4929-940B-00CEC8B86BF5}.NET40|Any CPU.Build.0 = NET40|Any CPU
		{EB11C01C-E1A5-4929-940B-00CEC8B86BF5}.NET40|Mixed Platforms.ActiveCfg = NET40|Any CPU
		{EB11C01C-E1A5-4929-940B-00CEC8B86BF5}.NET40|Mixed Platforms.Build.0 = NET40|Any CPU
		{EB11C01C-E1A5-4929-940B-00CEC8B86BF5}.NET40|x86.ActiveCfg = NET40|Any CPU
		{EB11C01C-E1A5-4929-940B-00CEC8B86BF5}.NET45|Any CPU.ActiveCfg = NET45|Any CPU
		{EB11C01C-E1A5-4929-940B-00CEC8B86BF5}.NET45|Any CPU.Build.0 = NET45|Any CPU
		{EB11C01C-E1A5-4929-940B-00CEC8B86BF5}.NET45|Mixed Platforms.ActiveCfg = NET45|Any CPU
		{EB11C01C-E1A5-4929-940B-00CEC8B86BF5}.NET45|Mixed Platforms.Build.0 = NET45|Any CPU
		{EB11C01C-E1A5-4929-940B-00CEC8B86BF5}.NET45|x86.ActiveCfg = NET45|Any CPU
		{EB11C01C-E1A5-4929-940B-00CEC8B86BF5}.NET46|Any CPU.ActiveCfg = NET46|Any CPU
		{EB11C01C-E1A5-4929-940B-00CEC8B86BF5}.NET46|Any CPU.Build.0 = NET46|Any CPU
		{EB11C01C-E1A5-4929-940B-00CEC8B86BF5}.NET46|Mixed Platforms.ActiveCfg = NET46|Any CPU
		{EB11C01C-E1A5-4929-940B-00CEC8B86BF5}.NET46|Mixed Platforms.Build.0 = NET46|Any CPU
		{EB11C01C-E1A5-4929-940B-00CEC8B86BF5}.NET46|x86.ActiveCfg = NET46|Any CPU
		{EB11C01C-E1A5-4929-940B-00CEC8B86BF5}.NET46|x86.Build.0 = NET46|Any CPU
		{EB11C01C-E1A5-4929-940B-00CEC8B86BF5}.Release|Any CPU.ActiveCfg = Release|Any CPU
		{EB11C01C-E1A5-4929-940B-00CEC8B86BF5}.Release|Any CPU.Build.0 = Release|Any CPU
		{EB11C01C-E1A5-4929-940B-00CEC8B86BF5}.Release|Mixed Platforms.ActiveCfg = Release|Any CPU
		{EB11C01C-E1A5-4929-940B-00CEC8B86BF5}.Release|Mixed Platforms.Build.0 = Release|Any CPU
		{EB11C01C-E1A5-4929-940B-00CEC8B86BF5}.Release|x86.ActiveCfg = Release|Any CPU
		{1462126B-4EBB-43F7-BC1F-30452DF7D68C}.Debug|Any CPU.ActiveCfg = Debug|Any CPU
		{1462126B-4EBB-43F7-BC1F-30452DF7D68C}.Debug|Any CPU.Build.0 = Debug|Any CPU
		{1462126B-4EBB-43F7-BC1F-30452DF7D68C}.Debug|Mixed Platforms.ActiveCfg = Debug|Any CPU
		{1462126B-4EBB-43F7-BC1F-30452DF7D68C}.Debug|Mixed Platforms.Build.0 = Debug|Any CPU
		{1462126B-4EBB-43F7-BC1F-30452DF7D68C}.Debug|x86.ActiveCfg = Debug|Any CPU
		{1462126B-4EBB-43F7-BC1F-30452DF7D68C}.NET35|Any CPU.ActiveCfg = Release|Any CPU
		{1462126B-4EBB-43F7-BC1F-30452DF7D68C}.NET35|Any CPU.Build.0 = Release|Any CPU
		{1462126B-4EBB-43F7-BC1F-30452DF7D68C}.NET35|Mixed Platforms.ActiveCfg = Release|Any CPU
		{1462126B-4EBB-43F7-BC1F-30452DF7D68C}.NET35|Mixed Platforms.Build.0 = Release|Any CPU
		{1462126B-4EBB-43F7-BC1F-30452DF7D68C}.NET35|x86.ActiveCfg = Release|Any CPU
		{1462126B-4EBB-43F7-BC1F-30452DF7D68C}.NET40|Any CPU.ActiveCfg = NET40|Any CPU
		{1462126B-4EBB-43F7-BC1F-30452DF7D68C}.NET40|Any CPU.Build.0 = NET40|Any CPU
		{1462126B-4EBB-43F7-BC1F-30452DF7D68C}.NET40|Mixed Platforms.ActiveCfg = NET40|Any CPU
		{1462126B-4EBB-43F7-BC1F-30452DF7D68C}.NET40|Mixed Platforms.Build.0 = NET40|Any CPU
		{1462126B-4EBB-43F7-BC1F-30452DF7D68C}.NET40|x86.ActiveCfg = NET40|Any CPU
		{1462126B-4EBB-43F7-BC1F-30452DF7D68C}.NET45|Any CPU.ActiveCfg = NET45|Any CPU
		{1462126B-4EBB-43F7-BC1F-30452DF7D68C}.NET45|Any CPU.Build.0 = NET45|Any CPU
		{1462126B-4EBB-43F7-BC1F-30452DF7D68C}.NET45|Mixed Platforms.ActiveCfg = NET45|Any CPU
		{1462126B-4EBB-43F7-BC1F-30452DF7D68C}.NET45|Mixed Platforms.Build.0 = NET45|Any CPU
		{1462126B-4EBB-43F7-BC1F-30452DF7D68C}.NET45|x86.ActiveCfg = NET45|Any CPU
		{1462126B-4EBB-43F7-BC1F-30452DF7D68C}.NET46|Any CPU.ActiveCfg = NET46|Any CPU
		{1462126B-4EBB-43F7-BC1F-30452DF7D68C}.NET46|Any CPU.Build.0 = NET46|Any CPU
		{1462126B-4EBB-43F7-BC1F-30452DF7D68C}.NET46|Mixed Platforms.ActiveCfg = NET46|Any CPU
		{1462126B-4EBB-43F7-BC1F-30452DF7D68C}.NET46|Mixed Platforms.Build.0 = NET46|Any CPU
		{1462126B-4EBB-43F7-BC1F-30452DF7D68C}.NET46|x86.ActiveCfg = NET46|Any CPU
		{1462126B-4EBB-43F7-BC1F-30452DF7D68C}.NET46|x86.Build.0 = NET46|Any CPU
		{1462126B-4EBB-43F7-BC1F-30452DF7D68C}.Release|Any CPU.ActiveCfg = Release|Any CPU
		{1462126B-4EBB-43F7-BC1F-30452DF7D68C}.Release|Any CPU.Build.0 = Release|Any CPU
		{1462126B-4EBB-43F7-BC1F-30452DF7D68C}.Release|Mixed Platforms.ActiveCfg = Release|Any CPU
		{1462126B-4EBB-43F7-BC1F-30452DF7D68C}.Release|Mixed Platforms.Build.0 = Release|Any CPU
		{1462126B-4EBB-43F7-BC1F-30452DF7D68C}.Release|x86.ActiveCfg = Release|Any CPU
		{C3C954F8-D185-48F7-BBF8-F53D6BD85492}.Debug|Any CPU.ActiveCfg = Debug|Any CPU
		{C3C954F8-D185-48F7-BBF8-F53D6BD85492}.Debug|Any CPU.Build.0 = Debug|Any CPU
		{C3C954F8-D185-48F7-BBF8-F53D6BD85492}.Debug|Mixed Platforms.ActiveCfg = Debug|Any CPU
		{C3C954F8-D185-48F7-BBF8-F53D6BD85492}.Debug|Mixed Platforms.Build.0 = Debug|Any CPU
		{C3C954F8-D185-48F7-BBF8-F53D6BD85492}.Debug|x86.ActiveCfg = Debug|Any CPU
		{C3C954F8-D185-48F7-BBF8-F53D6BD85492}.NET35|Any CPU.ActiveCfg = NET35|Any CPU
		{C3C954F8-D185-48F7-BBF8-F53D6BD85492}.NET35|Any CPU.Build.0 = NET35|Any CPU
		{C3C954F8-D185-48F7-BBF8-F53D6BD85492}.NET35|Mixed Platforms.ActiveCfg = NET35|Any CPU
		{C3C954F8-D185-48F7-BBF8-F53D6BD85492}.NET35|Mixed Platforms.Build.0 = NET35|Any CPU
		{C3C954F8-D185-48F7-BBF8-F53D6BD85492}.NET35|x86.ActiveCfg = NET35|Any CPU
		{C3C954F8-D185-48F7-BBF8-F53D6BD85492}.NET40|Any CPU.ActiveCfg = NET40|Any CPU
		{C3C954F8-D185-48F7-BBF8-F53D6BD85492}.NET40|Any CPU.Build.0 = NET40|Any CPU
		{C3C954F8-D185-48F7-BBF8-F53D6BD85492}.NET40|Mixed Platforms.ActiveCfg = NET40|Any CPU
		{C3C954F8-D185-48F7-BBF8-F53D6BD85492}.NET40|Mixed Platforms.Build.0 = NET40|Any CPU
		{C3C954F8-D185-48F7-BBF8-F53D6BD85492}.NET40|x86.ActiveCfg = NET40|Any CPU
		{C3C954F8-D185-48F7-BBF8-F53D6BD85492}.NET45|Any CPU.ActiveCfg = NET45|Any CPU
		{C3C954F8-D185-48F7-BBF8-F53D6BD85492}.NET45|Any CPU.Build.0 = NET45|Any CPU
		{C3C954F8-D185-48F7-BBF8-F53D6BD85492}.NET45|Mixed Platforms.ActiveCfg = NET45|Any CPU
		{C3C954F8-D185-48F7-BBF8-F53D6BD85492}.NET45|Mixed Platforms.Build.0 = NET45|Any CPU
		{C3C954F8-D185-48F7-BBF8-F53D6BD85492}.NET45|x86.ActiveCfg = NET45|Any CPU
		{C3C954F8-D185-48F7-BBF8-F53D6BD85492}.NET46|Any CPU.ActiveCfg = NET46|Any CPU
		{C3C954F8-D185-48F7-BBF8-F53D6BD85492}.NET46|Any CPU.Build.0 = NET46|Any CPU
		{C3C954F8-D185-48F7-BBF8-F53D6BD85492}.NET46|Mixed Platforms.ActiveCfg = NET46|Any CPU
		{C3C954F8-D185-48F7-BBF8-F53D6BD85492}.NET46|Mixed Platforms.Build.0 = NET46|Any CPU
		{C3C954F8-D185-48F7-BBF8-F53D6BD85492}.NET46|x86.ActiveCfg = NET46|Any CPU
		{C3C954F8-D185-48F7-BBF8-F53D6BD85492}.NET46|x86.Build.0 = NET46|Any CPU
		{C3C954F8-D185-48F7-BBF8-F53D6BD85492}.Release|Any CPU.ActiveCfg = NET45|Any CPU
		{C3C954F8-D185-48F7-BBF8-F53D6BD85492}.Release|Any CPU.Build.0 = NET45|Any CPU
		{C3C954F8-D185-48F7-BBF8-F53D6BD85492}.Release|Mixed Platforms.ActiveCfg = NET45|Any CPU
		{C3C954F8-D185-48F7-BBF8-F53D6BD85492}.Release|Mixed Platforms.Build.0 = NET45|Any CPU
		{C3C954F8-D185-48F7-BBF8-F53D6BD85492}.Release|x86.ActiveCfg = NET45|Any CPU
	EndGlobalSection
	GlobalSection(SolutionProperties) = preSolution
		HideSolutionNode = FALSE
	EndGlobalSection
	GlobalSection(ExtensibilityGlobals) = postSolution
		SolutionGuid = {A293BBFC-0319-45AF-82BC-478703C77634}
	EndGlobalSection
EndGlobal
